
Microsoft Visual Studio Solution File, Format Version 12.00
# Visual Studio Version 16
VisualStudioVersion = 16.0.32228.343
MinimumVisualStudioVersion = 10.0.40219.1
Project("{2150E333-8FDC-42A3-9474-1A3956D46DE8}") = "Chapter02", "Chapter02", "{EC006CED-2D45-49B7-8C95-6E914430FF0F}"
EndProject
Project("{FAE04EC0-301F-11D3-BF4B-00C04F79EFBC}") = "DistanceConverter", "Chapter02\DistanceConverter\DistanceConverter.csproj", "{85E0FA44-77C8-4CAD-A05C-E3767D7679E2}"
EndProject
Project("{FAE04EC0-301F-11D3-BF4B-00C04F79EFBC}") = "SalesCalculater", "Chapter02\salesCalculater\SalesCalculater.csproj", "{16BF3824-BEC7-425F-8750-E0BEEFEFECB2}"
EndProject
Project("{FAE04EC0-301F-11D3-BF4B-00C04F79EFBC}") = "Exercise", "Chapter02\Exercise\Exercise.csproj", "{C551A404-D9DD-438E-8F8B-E65F8C1351DD}"
EndProject
Project("{FAE04EC0-301F-11D3-BF4B-00C04F79EFBC}") = "Exercise02", "Exercise02\Exercise02\Exercise02.csproj", "{C579512F-C745-486A-869F-36536B3412DB}"
EndProject
Project("{FAE04EC0-301F-11D3-BF4B-00C04F79EFBC}") = "Exercise03", "Exercise02\Exercise03\Exercise03.csproj", "{A7948A93-9691-47AD-905E-DF5BBBD32004}"
EndProject
Project("{2150E333-8FDC-42A3-9474-1A3956D46DE8}") = "Chapter03", "Chapter03", "{2B65B68C-0980-421D-9ADC-B2279FDF10A0}"
EndProject
Project("{FAE04EC0-301F-11D3-BF4B-00C04F79EFBC}") = "Section01", "Chapter03\Section01\Section01.csproj", "{5990F8A7-C27A-4CAB-B141-BCA349CF60B9}"
EndProject
Project("{FAE04EC0-301F-11D3-BF4B-00C04F79EFBC}") = "Exercise01", "Chapter03\Exercise01\Exercise01.csproj", "{97EC20B8-2B64-479B-9C61-0F82E88601EB}"
EndProject
Project("{FAE04EC0-301F-11D3-BF4B-00C04F79EFBC}") = "Section04", "Chapter03\Section04\Section04.csproj", "{CC60241E-B7B7-454E-B6E8-EBD3D4A9BE18}"
EndProject
Project("{FAE04EC0-301F-11D3-BF4B-00C04F79EFBC}") = "Exercise02", "Chapter03\Exercise02\Exercise02.csproj", "{F9AE8586-2E1A-4AB6-B34D-DEE1BD756F9C}"
EndProject
Project("{2150E333-8FDC-42A3-9474-1A3956D46DE8}") = "Chapter04", "Chapter04", "{9FF0B126-BE60-4BE1-A2A1-001555CE1DBE}"
EndProject
Project("{FAE04EC0-301F-11D3-BF4B-00C04F79EFBC}") = "Exercise01", "Chapter04\Exercise01\Exercise01.csproj", "{D664D23A-0804-4EF8-BEA0-59AB22A32DF4}"
EndProject
Project("{FAE04EC0-301F-11D3-BF4B-00C04F79EFBC}") = "Exercise02", "Chapter04\Exercise02\Exercise02.csproj", "{C755297B-E030-4022-9972-AC50CE0430B2}"
EndProject
Project("{2150E333-8FDC-42A3-9474-1A3956D46DE8}") = "Chapter05", "Chapter05", "{62C8C80C-A341-45E8-9E75-D3C32F1E785C}"
EndProject
Project("{FAE04EC0-301F-11D3-BF4B-00C04F79EFBC}") = "Exercise01", "Chapter05\Exercise01\Exercise01.csproj", "{7D0DE469-A7C3-4B54-947E-E9D447A6E4DC}"
EndProject
Project("{2150E333-8FDC-42A3-9474-1A3956D46DE8}") = "Chapter06", "Chapter06", "{D4B7FB35-43B0-4C8A-9569-5F813DC48552}"
EndProject
Project("{FAE04EC0-301F-11D3-BF4B-00C04F79EFBC}") = "Exercise01", "Chapter06\Exercise01\Exercise01.csproj", "{E0E086C9-D0B0-4A9A-8639-C871EF047B3B}"
EndProject
Project("{FAE04EC0-301F-11D3-BF4B-00C04F79EFBC}") = "Exercise02", "Chapter06\Exercise02\Exercise02.csproj", "{CB3D7446-0536-4BE2-9159-2504F4F94FA2}"
EndProject
Project("{2150E333-8FDC-42A3-9474-1A3956D46DE8}") = "FormAppSample", "FormAppSample", "{8F1C1897-0A03-41D3-A9D7-6F6DCF40EDF8}"
EndProject
Project("{FAE04EC0-301F-11D3-BF4B-00C04F79EFBC}") = "Sample0603", "FormAppSample\Sample0603\Sample0603.csproj", "{5028D4D4-0B43-4168-AA26-0B10CBBC4C6F}"
EndProject
Global
	GlobalSection(SolutionConfigurationPlatforms) = preSolution
		Debug|Any CPU = Debug|Any CPU
		Release|Any CPU = Release|Any CPU
	EndGlobalSection
	GlobalSection(ProjectConfigurationPlatforms) = postSolution
		{85E0FA44-77C8-4CAD-A05C-E3767D7679E2}.Debug|Any CPU.ActiveCfg = Debug|Any CPU
		{85E0FA44-77C8-4CAD-A05C-E3767D7679E2}.Debug|Any CPU.Build.0 = Debug|Any CPU
		{85E0FA44-77C8-4CAD-A05C-E3767D7679E2}.Release|Any CPU.ActiveCfg = Release|Any CPU
		{85E0FA44-77C8-4CAD-A05C-E3767D7679E2}.Release|Any CPU.Build.0 = Release|Any CPU
		{16BF3824-BEC7-425F-8750-E0BEEFEFECB2}.Debug|Any CPU.ActiveCfg = Debug|Any CPU
		{16BF3824-BEC7-425F-8750-E0BEEFEFECB2}.Debug|Any CPU.Build.0 = Debug|Any CPU
		{16BF3824-BEC7-425F-8750-E0BEEFEFECB2}.Release|Any CPU.ActiveCfg = Release|Any CPU
		{16BF3824-BEC7-425F-8750-E0BEEFEFECB2}.Release|Any CPU.Build.0 = Release|Any CPU
		{C551A404-D9DD-438E-8F8B-E65F8C1351DD}.Debug|Any CPU.ActiveCfg = Debug|Any CPU
		{C551A404-D9DD-438E-8F8B-E65F8C1351DD}.Debug|Any CPU.Build.0 = Debug|Any CPU
		{C551A404-D9DD-438E-8F8B-E65F8C1351DD}.Release|Any CPU.ActiveCfg = Release|Any CPU
		{C551A404-D9DD-438E-8F8B-E65F8C1351DD}.Release|Any CPU.Build.0 = Release|Any CPU
		{C579512F-C745-486A-869F-36536B3412DB}.Debug|Any CPU.ActiveCfg = Debug|Any CPU
		{C579512F-C745-486A-869F-36536B3412DB}.Debug|Any CPU.Build.0 = Debug|Any CPU
		{C579512F-C745-486A-869F-36536B3412DB}.Release|Any CPU.ActiveCfg = Release|Any CPU
		{C579512F-C745-486A-869F-36536B3412DB}.Release|Any CPU.Build.0 = Release|Any CPU
		{A7948A93-9691-47AD-905E-DF5BBBD32004}.Debug|Any CPU.ActiveCfg = Debug|Any CPU
		{A7948A93-9691-47AD-905E-DF5BBBD32004}.Debug|Any CPU.Build.0 = Debug|Any CPU
		{A7948A93-9691-47AD-905E-DF5BBBD32004}.Release|Any CPU.ActiveCfg = Release|Any CPU
		{A7948A93-9691-47AD-905E-DF5BBBD32004}.Release|Any CPU.Build.0 = Release|Any CPU
		{5990F8A7-C27A-4CAB-B141-BCA349CF60B9}.Debug|Any CPU.ActiveCfg = Debug|Any CPU
		{5990F8A7-C27A-4CAB-B141-BCA349CF60B9}.Debug|Any CPU.Build.0 = Debug|Any CPU
		{5990F8A7-C27A-4CAB-B141-BCA349CF60B9}.Release|Any CPU.ActiveCfg = Release|Any CPU
		{5990F8A7-C27A-4CAB-B141-BCA349CF60B9}.Release|Any CPU.Build.0 = Release|Any CPU
		{97EC20B8-2B64-479B-9C61-0F82E88601EB}.Debug|Any CPU.ActiveCfg = Debug|Any CPU
		{97EC20B8-2B64-479B-9C61-0F82E88601EB}.Debug|Any CPU.Build.0 = Debug|Any CPU
		{97EC20B8-2B64-479B-9C61-0F82E88601EB}.Release|Any CPU.ActiveCfg = Release|Any CPU
		{97EC20B8-2B64-479B-9C61-0F82E88601EB}.Release|Any CPU.Build.0 = Release|Any CPU
		{CC60241E-B7B7-454E-B6E8-EBD3D4A9BE18}.Debug|Any CPU.ActiveCfg = Debug|Any CPU
		{CC60241E-B7B7-454E-B6E8-EBD3D4A9BE18}.Debug|Any CPU.Build.0 = Debug|Any CPU
		{CC60241E-B7B7-454E-B6E8-EBD3D4A9BE18}.Release|Any CPU.ActiveCfg = Release|Any CPU
		{CC60241E-B7B7-454E-B6E8-EBD3D4A9BE18}.Release|Any CPU.Build.0 = Release|Any CPU
		{F9AE8586-2E1A-4AB6-B34D-DEE1BD756F9C}.Debug|Any CPU.ActiveCfg = Debug|Any CPU
		{F9AE8586-2E1A-4AB6-B34D-DEE1BD756F9C}.Debug|Any CPU.Build.0 = Debug|Any CPU
		{F9AE8586-2E1A-4AB6-B34D-DEE1BD756F9C}.Release|Any CPU.ActiveCfg = Release|Any CPU
		{F9AE8586-2E1A-4AB6-B34D-DEE1BD756F9C}.Release|Any CPU.Build.0 = Release|Any CPU
		{D664D23A-0804-4EF8-BEA0-59AB22A32DF4}.Debug|Any CPU.ActiveCfg = Debug|Any CPU
		{D664D23A-0804-4EF8-BEA0-59AB22A32DF4}.Debug|Any CPU.Build.0 = Debug|Any CPU
		{D664D23A-0804-4EF8-BEA0-59AB22A32DF4}.Release|Any CPU.ActiveCfg = Release|Any CPU
		{D664D23A-0804-4EF8-BEA0-59AB22A32DF4}.Release|Any CPU.Build.0 = Release|Any CPU
		{C755297B-E030-4022-9972-AC50CE0430B2}.Debug|Any CPU.ActiveCfg = Debug|Any CPU
		{C755297B-E030-4022-9972-AC50CE0430B2}.Debug|Any CPU.Build.0 = Debug|Any CPU
		{C755297B-E030-4022-9972-AC50CE0430B2}.Release|Any CPU.ActiveCfg = Release|Any CPU
		{C755297B-E030-4022-9972-AC50CE0430B2}.Release|Any CPU.Build.0 = Release|Any CPU
		{7D0DE469-A7C3-4B54-947E-E9D447A6E4DC}.Debug|Any CPU.ActiveCfg = Debug|Any CPU
		{7D0DE469-A7C3-4B54-947E-E9D447A6E4DC}.Debug|Any CPU.Build.0 = Debug|Any CPU
		{7D0DE469-A7C3-4B54-947E-E9D447A6E4DC}.Release|Any CPU.ActiveCfg = Release|Any CPU
		{7D0DE469-A7C3-4B54-947E-E9D447A6E4DC}.Release|Any CPU.Build.0 = Release|Any CPU
		{E0E086C9-D0B0-4A9A-8639-C871EF047B3B}.Debug|Any CPU.ActiveCfg = Debug|Any CPU
		{E0E086C9-D0B0-4A9A-8639-C871EF047B3B}.Debug|Any CPU.Build.0 = Debug|Any CPU
		{E0E086C9-D0B0-4A9A-8639-C871EF047B3B}.Release|Any CPU.ActiveCfg = Release|Any CPU
		{E0E086C9-D0B0-4A9A-8639-C871EF047B3B}.Release|Any CPU.Build.0 = Release|Any CPU
		{CB3D7446-0536-4BE2-9159-2504F4F94FA2}.Debug|Any CPU.ActiveCfg = Debug|Any CPU
		{CB3D7446-0536-4BE2-9159-2504F4F94FA2}.Debug|Any CPU.Build.0 = Debug|Any CPU
		{CB3D7446-0536-4BE2-9159-2504F4F94FA2}.Release|Any CPU.ActiveCfg = Release|Any CPU
		{CB3D7446-0536-4BE2-9159-2504F4F94FA2}.Release|Any CPU.Build.0 = Release|Any CPU
		{5028D4D4-0B43-4168-AA26-0B10CBBC4C6F}.Debug|Any CPU.ActiveCfg = Debug|Any CPU
		{5028D4D4-0B43-4168-AA26-0B10CBBC4C6F}.Debug|Any CPU.Build.0 = Debug|Any CPU
		{5028D4D4-0B43-4168-AA26-0B10CBBC4C6F}.Release|Any CPU.ActiveCfg = Release|Any CPU
		{5028D4D4-0B43-4168-AA26-0B10CBBC4C6F}.Release|Any CPU.Build.0 = Release|Any CPU
	EndGlobalSection
	GlobalSection(SolutionProperties) = preSolution
		HideSolutionNode = FALSE
	EndGlobalSection
	GlobalSection(NestedProjects) = preSolution
		{85E0FA44-77C8-4CAD-A05C-E3767D7679E2} = {EC006CED-2D45-49B7-8C95-6E914430FF0F}
		{16BF3824-BEC7-425F-8750-E0BEEFEFECB2} = {EC006CED-2D45-49B7-8C95-6E914430FF0F}
		{C551A404-D9DD-438E-8F8B-E65F8C1351DD} = {EC006CED-2D45-49B7-8C95-6E914430FF0F}
		{C579512F-C745-486A-869F-36536B3412DB} = {EC006CED-2D45-49B7-8C95-6E914430FF0F}
		{A7948A93-9691-47AD-905E-DF5BBBD32004} = {EC006CED-2D45-49B7-8C95-6E914430FF0F}
		{5990F8A7-C27A-4CAB-B141-BCA349CF60B9} = {2B65B68C-0980-421D-9ADC-B2279FDF10A0}
		{97EC20B8-2B64-479B-9C61-0F82E88601EB} = {2B65B68C-0980-421D-9ADC-B2279FDF10A0}
		{CC60241E-B7B7-454E-B6E8-EBD3D4A9BE18} = {2B65B68C-0980-421D-9ADC-B2279FDF10A0}
		{F9AE8586-2E1A-4AB6-B34D-DEE1BD756F9C} = {2B65B68C-0980-421D-9ADC-B2279FDF10A0}
		{D664D23A-0804-4EF8-BEA0-59AB22A32DF4} = {9FF0B126-BE60-4BE1-A2A1-001555CE1DBE}
		{C755297B-E030-4022-9972-AC50CE0430B2} = {9FF0B126-BE60-4BE1-A2A1-001555CE1DBE}
		{7D0DE469-A7C3-4B54-947E-E9D447A6E4DC} = {62C8C80C-A341-45E8-9E75-D3C32F1E785C}
		{E0E086C9-D0B0-4A9A-8639-C871EF047B3B} = {D4B7FB35-43B0-4C8A-9569-5F813DC48552}
		{CB3D7446-0536-4BE2-9159-2504F4F94FA2} = {D4B7FB35-43B0-4C8A-9569-5F813DC48552}
		{5028D4D4-0B43-4168-AA26-0B10CBBC4C6F} = {8F1C1897-0A03-41D3-A9D7-6F6DCF40EDF8}
	EndGlobalSection
	GlobalSection(ExtensibilityGlobals) = postSolution
		SolutionGuid = {6572CAF6-396B-4473-A4FB-17846DA4A355}
	EndGlobalSection
EndGlobal
