
Microsoft Visual Studio Solution File, Format Version 12.00
# Visual Studio Version 16
VisualStudioVersion = 16.0.32228.343
MinimumVisualStudioVersion = 10.0.40219.1
Project("{2150E333-8FDC-42A3-9474-1A3956D46DE8}") = "Chapter02", "Chapter02", "{EC006CED-2D45-49B7-8C95-6E914430FF0F}"
EndProject
Project("{FAE04EC0-301F-11D3-BF4B-00C04F79EFBC}") = "DistanceConverter", "Chapter02\DistanceConverter\DistanceConverter.csproj", "{85E0FA44-77C8-4CAD-A05C-E3767D7679E2}"
EndProject
Project("{FAE04EC0-301F-11D3-BF4B-00C04F79EFBC}") = "SalesCalculater", "Chapter02\salesCalculater\SalesCalculater.csproj", "{16BF3824-BEC7-425F-8750-E0BEEFEFECB2}"
EndProject
Project("{FAE04EC0-301F-11D3-BF4B-00C04F79EFBC}") = "Exercise", "Chapter02\Exercise\Exercise.csproj", "{C551A404-D9DD-438E-8F8B-E65F8C1351DD}"
EndProject
Project("{FAE04EC0-301F-11D3-BF4B-00C04F79EFBC}") = "Exercise02", "Exercise02\Exercise02\Exercise02.csproj", "{C579512F-C745-486A-869F-36536B3412DB}"
EndProject
Project("{FAE04EC0-301F-11D3-BF4B-00C04F79EFBC}") = "Exercise03", "Exercise02\Exercise03\Exercise03.csproj", "{A7948A93-9691-47AD-905E-DF5BBBD32004}"
EndProject
Project("{2150E333-8FDC-42A3-9474-1A3956D46DE8}") = "Chapter03", "Chapter03", "{2B65B68C-0980-421D-9ADC-B2279FDF10A0}"
EndProject
Project("{FAE04EC0-301F-11D3-BF4B-00C04F79EFBC}") = "Section01", "Chapter03\Section01\Section01.csproj", "{5990F8A7-C27A-4CAB-B141-BCA349CF60B9}"
EndProject
Project("{FAE04EC0-301F-11D3-BF4B-00C04F79EFBC}") = "Exercise01", "Chapter03\Exercise01\Exercise01.csproj", "{97EC20B8-2B64-479B-9C61-0F82E88601EB}"
EndProject
Project("{FAE04EC0-301F-11D3-BF4B-00C04F79EFBC}") = "Section04", "Chapter03\Section04\Section04.csproj", "{CC60241E-B7B7-454E-B6E8-EBD3D4A9BE18}"
EndProject
Project("{FAE04EC0-301F-11D3-BF4B-00C04F79EFBC}") = "Exercise02", "Chapter03\Exercise02\Exercise02.csproj", "{F9AE8586-2E1A-4AB6-B34D-DEE1BD756F9C}"
EndProject
Project("{2150E333-8FDC-42A3-9474-1A3956D46DE8}") = "Chapter04", "Chapter04", "{9FF0B126-BE60-4BE1-A2A1-001555CE1DBE}"
EndProject
Project("{FAE04EC0-301F-11D3-BF4B-00C04F79EFBC}") = "Exercise01", "Chapter04\Exercise01\Exercise01.csproj", "{D664D23A-0804-4EF8-BEA0-59AB22A32DF4}"
EndProject
Project("{FAE04EC0-301F-11D3-BF4B-00C04F79EFBC}") = "Exercise02", "Chapter04\Exercise02\Exercise02.csproj", "{C755297B-E030-4022-9972-AC50CE0430B2}"
EndProject
Project("{2150E333-8FDC-42A3-9474-1A3956D46DE8}") = "Chapter05", "Chapter05", "{62C8C80C-A341-45E8-9E75-D3C32F1E785C}"
EndProject
Project("{FAE04EC0-301F-11D3-BF4B-00C04F79EFBC}") = "Exercise01", "Chapter05\Exercise01\Exercise01.csproj", "{7D0DE469-A7C3-4B54-947E-E9D447A6E4DC}"
EndProject
Project("{2150E333-8FDC-42A3-9474-1A3956D46DE8}") = "Chapter06", "Chapter06", "{D4B7FB35-43B0-4C8A-9569-5F813DC48552}"
EndProject
Project("{FAE04EC0-301F-11D3-BF4B-00C04F79EFBC}") = "Exercise01", "Chapter06\Exercise01\Exercise01.csproj", "{E0E086C9-D0B0-4A9A-8639-C871EF047B3B}"
EndProject
Project("{FAE04EC0-301F-11D3-BF4B-00C04F79EFBC}") = "Exercise02", "Chapter06\Exercise02\Exercise02.csproj", "{CB3D7446-0536-4BE2-9159-2504F4F94FA2}"
EndProject
Project("{2150E333-8FDC-42A3-9474-1A3956D46DE8}") = "FormAppSample", "FormAppSample", "{8F1C1897-0A03-41D3-A9D7-6F6DCF40EDF8}"
EndProject
Project("{FAE04EC0-301F-11D3-BF4B-00C04F79EFBC}") = "Sample0603", "FormAppSample\Sample0603\Sample0603.csproj", "{5028D4D4-0B43-4168-AA26-0B10CBBC4C6F}"
EndProject
Project("{FAE04EC0-301F-11D3-BF4B-00C04F79EFBC}") = "Sample0610", "FormAppSample\Sample0610\Sample0610.csproj", "{58CB7F86-12BD-4CFF-8F9D-BF194DDAECDF}"
EndProject
Project("{FAE04EC0-301F-11D3-BF4B-00C04F79EFBC}") = "AddressBook", "FormAppSample\AdressBook\AddressBook.csproj", "{508EA5C3-967C-41CF-85D5-EED98A8B33D4}"
EndProject
Project("{2150E333-8FDC-42A3-9474-1A3956D46DE8}") = "Test202206", "Test202206", "{259CB34A-DB70-4C10-AA73-6318C097A211}"
EndProject
Project("{FAE04EC0-301F-11D3-BF4B-00C04F79EFBC}") = "Test01", "Test202206\TestProject\Test01\Test01.csproj", "{2BFACDC3-F44D-4199-8498-F5C3C4AC0335}"
EndProject
Project("{FAE04EC0-301F-11D3-BF4B-00C04F79EFBC}") = "Test02", "Test202206\TestProject\Test02\Test02.csproj", "{E461C0A8-8900-485C-B520-E929BA33F712}"
EndProject
Project("{2150E333-8FDC-42A3-9474-1A3956D46DE8}") = "Chapter11", "Chapter11", "{AD5A09CD-1AD5-4369-B0EA-6071F37F8863}"
EndProject
Project("{FAE04EC0-301F-11D3-BF4B-00C04F79EFBC}") = "RssReader", "Chapter11\RssReader\RssReader.csproj", "{95D5367F-DB35-459E-B24B-90F21C4DC2CB}"
EndProject
Project("{FAE04EC0-301F-11D3-BF4B-00C04F79EFBC}") = "XmlSample", "Chapter11\XmlSample\XmlSample.csproj", "{074507D6-0601-4336-8583-F29E52C3DE84}"
EndProject
Project("{FAE04EC0-301F-11D3-BF4B-00C04F79EFBC}") = "Exercise11", "Chapter11\Exercise11\Exercise11.csproj", "{07B4D9DD-C983-4884-B520-5C3B684230DA}"
EndProject
Project("{2150E333-8FDC-42A3-9474-1A3956D46DE8}") = "Chapter12", "Chapter12", "{15E9BC07-EB6D-4F55-9375-B842FD064AC4}"
	ProjectSection(SolutionItems) = preProject
		..\..\..\Desktop\0708授業\1_DataContractSerializerクラス\Novel.cs = ..\..\..\Desktop\0708授業\1_DataContractSerializerクラス\Novel.cs
	EndProjectSection
EndProject
Project("{FAE04EC0-301F-11D3-BF4B-00C04F79EFBC}") = "Section01", "Chapter12\Section01\Section01.csproj", "{D0C33216-658D-44FA-8E5F-6C5219E348A5}"
EndProject
Project("{FAE04EC0-301F-11D3-BF4B-00C04F79EFBC}") = "Section02", "Chapter12\Section02\Section02.csproj", "{1E92833E-4A57-4D6F-9336-71B0B21FFAF0}"
EndProject
Project("{FAE04EC0-301F-11D3-BF4B-00C04F79EFBC}") = "Exercise01", "Chapter12\Exercise01\Exercise01.csproj", "{301F1338-8528-497F-85D6-9F2065AF3347}"
EndProject
Project("{FAE04EC0-301F-11D3-BF4B-00C04F79EFBC}") = "Exercise02", "Chapter12\Exercise02\Exercise02.csproj", "{2F39C63C-1812-4D0D-ADB9-CA92CD8A26B0}"
EndProject
Project("{2150E333-8FDC-42A3-9474-1A3956D46DE8}") = "CarReportSystem", "CarReportSystem", "{DBFEDA3C-EABF-46CD-B50C-E38587FF195D}"
EndProject
Project("{FAE04EC0-301F-11D3-BF4B-00C04F79EFBC}") = "CarReportSystem", "CarReportSystem\CarReportSystem\CarReportSystem.csproj", "{C36ADA3D-ED4F-4695-99E5-739D867F945D}"
EndProject
Global
	GlobalSection(SolutionConfigurationPlatforms) = preSolution
		Debug|Any CPU = Debug|Any CPU
		Release|Any CPU = Release|Any CPU
	EndGlobalSection
	GlobalSection(ProjectConfigurationPlatforms) = postSolution
		{85E0FA44-77C8-4CAD-A05C-E3767D7679E2}.Debug|Any CPU.ActiveCfg = Debug|Any CPU
		{85E0FA44-77C8-4CAD-A05C-E3767D7679E2}.Debug|Any CPU.Build.0 = Debug|Any CPU
		{85E0FA44-77C8-4CAD-A05C-E3767D7679E2}.Release|Any CPU.ActiveCfg = Release|Any CPU
		{85E0FA44-77C8-4CAD-A05C-E3767D7679E2}.Release|Any CPU.Build.0 = Release|Any CPU
		{16BF3824-BEC7-425F-8750-E0BEEFEFECB2}.Debug|Any CPU.ActiveCfg = Debug|Any CPU
		{16BF3824-BEC7-425F-8750-E0BEEFEFECB2}.Debug|Any CPU.Build.0 = Debug|Any CPU
		{16BF3824-BEC7-425F-8750-E0BEEFEFECB2}.Release|Any CPU.ActiveCfg = Release|Any CPU
		{16BF3824-BEC7-425F-8750-E0BEEFEFECB2}.Release|Any CPU.Build.0 = Release|Any CPU
		{C551A404-D9DD-438E-8F8B-E65F8C1351DD}.Debug|Any CPU.ActiveCfg = Debug|Any CPU
		{C551A404-D9DD-438E-8F8B-E65F8C1351DD}.Debug|Any CPU.Build.0 = Debug|Any CPU
		{C551A404-D9DD-438E-8F8B-E65F8C1351DD}.Release|Any CPU.ActiveCfg = Release|Any CPU
		{C551A404-D9DD-438E-8F8B-E65F8C1351DD}.Release|Any CPU.Build.0 = Release|Any CPU
		{C579512F-C745-486A-869F-36536B3412DB}.Debug|Any CPU.ActiveCfg = Debug|Any CPU
		{C579512F-C745-486A-869F-36536B3412DB}.Debug|Any CPU.Build.0 = Debug|Any CPU
		{C579512F-C745-486A-869F-36536B3412DB}.Release|Any CPU.ActiveCfg = Release|Any CPU
		{C579512F-C745-486A-869F-36536B3412DB}.Release|Any CPU.Build.0 = Release|Any CPU
		{A7948A93-9691-47AD-905E-DF5BBBD32004}.Debug|Any CPU.ActiveCfg = Debug|Any CPU
		{A7948A93-9691-47AD-905E-DF5BBBD32004}.Debug|Any CPU.Build.0 = Debug|Any CPU
		{A7948A93-9691-47AD-905E-DF5BBBD32004}.Release|Any CPU.ActiveCfg = Release|Any CPU
		{A7948A93-9691-47AD-905E-DF5BBBD32004}.Release|Any CPU.Build.0 = Release|Any CPU
		{5990F8A7-C27A-4CAB-B141-BCA349CF60B9}.Debug|Any CPU.ActiveCfg = Debug|Any CPU
		{5990F8A7-C27A-4CAB-B141-BCA349CF60B9}.Debug|Any CPU.Build.0 = Debug|Any CPU
		{5990F8A7-C27A-4CAB-B141-BCA349CF60B9}.Release|Any CPU.ActiveCfg = Release|Any CPU
		{5990F8A7-C27A-4CAB-B141-BCA349CF60B9}.Release|Any CPU.Build.0 = Release|Any CPU
		{97EC20B8-2B64-479B-9C61-0F82E88601EB}.Debug|Any CPU.ActiveCfg = Debug|Any CPU
		{97EC20B8-2B64-479B-9C61-0F82E88601EB}.Debug|Any CPU.Build.0 = Debug|Any CPU
		{97EC20B8-2B64-479B-9C61-0F82E88601EB}.Release|Any CPU.ActiveCfg = Release|Any CPU
		{97EC20B8-2B64-479B-9C61-0F82E88601EB}.Release|Any CPU.Build.0 = Release|Any CPU
		{CC60241E-B7B7-454E-B6E8-EBD3D4A9BE18}.Debug|Any CPU.ActiveCfg = Debug|Any CPU
		{CC60241E-B7B7-454E-B6E8-EBD3D4A9BE18}.Debug|Any CPU.Build.0 = Debug|Any CPU
		{CC60241E-B7B7-454E-B6E8-EBD3D4A9BE18}.Release|Any CPU.ActiveCfg = Release|Any CPU
		{CC60241E-B7B7-454E-B6E8-EBD3D4A9BE18}.Release|Any CPU.Build.0 = Release|Any CPU
		{F9AE8586-2E1A-4AB6-B34D-DEE1BD756F9C}.Debug|Any CPU.ActiveCfg = Debug|Any CPU
		{F9AE8586-2E1A-4AB6-B34D-DEE1BD756F9C}.Debug|Any CPU.Build.0 = Debug|Any CPU
		{F9AE8586-2E1A-4AB6-B34D-DEE1BD756F9C}.Release|Any CPU.ActiveCfg = Release|Any CPU
		{F9AE8586-2E1A-4AB6-B34D-DEE1BD756F9C}.Release|Any CPU.Build.0 = Release|Any CPU
		{D664D23A-0804-4EF8-BEA0-59AB22A32DF4}.Debug|Any CPU.ActiveCfg = Debug|Any CPU
		{D664D23A-0804-4EF8-BEA0-59AB22A32DF4}.Debug|Any CPU.Build.0 = Debug|Any CPU
		{D664D23A-0804-4EF8-BEA0-59AB22A32DF4}.Release|Any CPU.ActiveCfg = Release|Any CPU
		{D664D23A-0804-4EF8-BEA0-59AB22A32DF4}.Release|Any CPU.Build.0 = Release|Any CPU
		{C755297B-E030-4022-9972-AC50CE0430B2}.Debug|Any CPU.ActiveCfg = Debug|Any CPU
		{C755297B-E030-4022-9972-AC50CE0430B2}.Debug|Any CPU.Build.0 = Debug|Any CPU
		{C755297B-E030-4022-9972-AC50CE0430B2}.Release|Any CPU.ActiveCfg = Release|Any CPU
		{C755297B-E030-4022-9972-AC50CE0430B2}.Release|Any CPU.Build.0 = Release|Any CPU
		{7D0DE469-A7C3-4B54-947E-E9D447A6E4DC}.Debug|Any CPU.ActiveCfg = Debug|Any CPU
		{7D0DE469-A7C3-4B54-947E-E9D447A6E4DC}.Debug|Any CPU.Build.0 = Debug|Any CPU
		{7D0DE469-A7C3-4B54-947E-E9D447A6E4DC}.Release|Any CPU.ActiveCfg = Release|Any CPU
		{7D0DE469-A7C3-4B54-947E-E9D447A6E4DC}.Release|Any CPU.Build.0 = Release|Any CPU
		{E0E086C9-D0B0-4A9A-8639-C871EF047B3B}.Debug|Any CPU.ActiveCfg = Debug|Any CPU
		{E0E086C9-D0B0-4A9A-8639-C871EF047B3B}.Debug|Any CPU.Build.0 = Debug|Any CPU
		{E0E086C9-D0B0-4A9A-8639-C871EF047B3B}.Release|Any CPU.ActiveCfg = Release|Any CPU
		{E0E086C9-D0B0-4A9A-8639-C871EF047B3B}.Release|Any CPU.Build.0 = Release|Any CPU
		{CB3D7446-0536-4BE2-9159-2504F4F94FA2}.Debug|Any CPU.ActiveCfg = Debug|Any CPU
		{CB3D7446-0536-4BE2-9159-2504F4F94FA2}.Debug|Any CPU.Build.0 = Debug|Any CPU
		{CB3D7446-0536-4BE2-9159-2504F4F94FA2}.Release|Any CPU.ActiveCfg = Release|Any CPU
		{CB3D7446-0536-4BE2-9159-2504F4F94FA2}.Release|Any CPU.Build.0 = Release|Any CPU
		{5028D4D4-0B43-4168-AA26-0B10CBBC4C6F}.Debug|Any CPU.ActiveCfg = Debug|Any CPU
		{5028D4D4-0B43-4168-AA26-0B10CBBC4C6F}.Debug|Any CPU.Build.0 = Debug|Any CPU
		{5028D4D4-0B43-4168-AA26-0B10CBBC4C6F}.Release|Any CPU.ActiveCfg = Release|Any CPU
		{5028D4D4-0B43-4168-AA26-0B10CBBC4C6F}.Release|Any CPU.Build.0 = Release|Any CPU
		{58CB7F86-12BD-4CFF-8F9D-BF194DDAECDF}.Debug|Any CPU.ActiveCfg = Debug|Any CPU
		{58CB7F86-12BD-4CFF-8F9D-BF194DDAECDF}.Debug|Any CPU.Build.0 = Debug|Any CPU
		{58CB7F86-12BD-4CFF-8F9D-BF194DDAECDF}.Release|Any CPU.ActiveCfg = Release|Any CPU
		{58CB7F86-12BD-4CFF-8F9D-BF194DDAECDF}.Release|Any CPU.Build.0 = Release|Any CPU
		{508EA5C3-967C-41CF-85D5-EED98A8B33D4}.Debug|Any CPU.ActiveCfg = Debug|Any CPU
		{508EA5C3-967C-41CF-85D5-EED98A8B33D4}.Debug|Any CPU.Build.0 = Debug|Any CPU
		{508EA5C3-967C-41CF-85D5-EED98A8B33D4}.Release|Any CPU.ActiveCfg = Release|Any CPU
		{508EA5C3-967C-41CF-85D5-EED98A8B33D4}.Release|Any CPU.Build.0 = Release|Any CPU
		{2BFACDC3-F44D-4199-8498-F5C3C4AC0335}.Debug|Any CPU.ActiveCfg = Debug|Any CPU
		{2BFACDC3-F44D-4199-8498-F5C3C4AC0335}.Debug|Any CPU.Build.0 = Debug|Any CPU
		{2BFACDC3-F44D-4199-8498-F5C3C4AC0335}.Release|Any CPU.ActiveCfg = Release|Any CPU
		{2BFACDC3-F44D-4199-8498-F5C3C4AC0335}.Release|Any CPU.Build.0 = Release|Any CPU
		{E461C0A8-8900-485C-B520-E929BA33F712}.Debug|Any CPU.ActiveCfg = Debug|Any CPU
		{E461C0A8-8900-485C-B520-E929BA33F712}.Debug|Any CPU.Build.0 = Debug|Any CPU
		{E461C0A8-8900-485C-B520-E929BA33F712}.Release|Any CPU.ActiveCfg = Release|Any CPU
		{E461C0A8-8900-485C-B520-E929BA33F712}.Release|Any CPU.Build.0 = Release|Any CPU
		{95D5367F-DB35-459E-B24B-90F21C4DC2CB}.Debug|Any CPU.ActiveCfg = Debug|Any CPU
		{95D5367F-DB35-459E-B24B-90F21C4DC2CB}.Debug|Any CPU.Build.0 = Debug|Any CPU
		{95D5367F-DB35-459E-B24B-90F21C4DC2CB}.Release|Any CPU.ActiveCfg = Release|Any CPU
		{95D5367F-DB35-459E-B24B-90F21C4DC2CB}.Release|Any CPU.Build.0 = Release|Any CPU
		{074507D6-0601-4336-8583-F29E52C3DE84}.Debug|Any CPU.ActiveCfg = Debug|Any CPU
		{074507D6-0601-4336-8583-F29E52C3DE84}.Debug|Any CPU.Build.0 = Debug|Any CPU
		{074507D6-0601-4336-8583-F29E52C3DE84}.Release|Any CPU.ActiveCfg = Release|Any CPU
		{074507D6-0601-4336-8583-F29E52C3DE84}.Release|Any CPU.Build.0 = Release|Any CPU
		{07B4D9DD-C983-4884-B520-5C3B684230DA}.Debug|Any CPU.ActiveCfg = Debug|Any CPU
		{07B4D9DD-C983-4884-B520-5C3B684230DA}.Debug|Any CPU.Build.0 = Debug|Any CPU
		{07B4D9DD-C983-4884-B520-5C3B684230DA}.Release|Any CPU.ActiveCfg = Release|Any CPU
		{07B4D9DD-C983-4884-B520-5C3B684230DA}.Release|Any CPU.Build.0 = Release|Any CPU
		{D0C33216-658D-44FA-8E5F-6C5219E348A5}.Debug|Any CPU.ActiveCfg = Debug|Any CPU
		{D0C33216-658D-44FA-8E5F-6C5219E348A5}.Debug|Any CPU.Build.0 = Debug|Any CPU
		{D0C33216-658D-44FA-8E5F-6C5219E348A5}.Release|Any CPU.ActiveCfg = Release|Any CPU
		{D0C33216-658D-44FA-8E5F-6C5219E348A5}.Release|Any CPU.Build.0 = Release|Any CPU
		{1E92833E-4A57-4D6F-9336-71B0B21FFAF0}.Debug|Any CPU.ActiveCfg = Debug|Any CPU
		{1E92833E-4A57-4D6F-9336-71B0B21FFAF0}.Debug|Any CPU.Build.0 = Debug|Any CPU
		{1E92833E-4A57-4D6F-9336-71B0B21FFAF0}.Release|Any CPU.ActiveCfg = Release|Any CPU
		{1E92833E-4A57-4D6F-9336-71B0B21FFAF0}.Release|Any CPU.Build.0 = Release|Any CPU
		{301F1338-8528-497F-85D6-9F2065AF3347}.Debug|Any CPU.ActiveCfg = Debug|Any CPU
		{301F1338-8528-497F-85D6-9F2065AF3347}.Debug|Any CPU.Build.0 = Debug|Any CPU
		{301F1338-8528-497F-85D6-9F2065AF3347}.Release|Any CPU.ActiveCfg = Release|Any CPU
		{301F1338-8528-497F-85D6-9F2065AF3347}.Release|Any CPU.Build.0 = Release|Any CPU
		{2F39C63C-1812-4D0D-ADB9-CA92CD8A26B0}.Debug|Any CPU.ActiveCfg = Debug|Any CPU
		{2F39C63C-1812-4D0D-ADB9-CA92CD8A26B0}.Debug|Any CPU.Build.0 = Debug|Any CPU
		{2F39C63C-1812-4D0D-ADB9-CA92CD8A26B0}.Release|Any CPU.ActiveCfg = Release|Any CPU
		{2F39C63C-1812-4D0D-ADB9-CA92CD8A26B0}.Release|Any CPU.Build.0 = Release|Any CPU
		{C36ADA3D-ED4F-4695-99E5-739D867F945D}.Debug|Any CPU.ActiveCfg = Debug|Any CPU
		{C36ADA3D-ED4F-4695-99E5-739D867F945D}.Debug|Any CPU.Build.0 = Debug|Any CPU
		{C36ADA3D-ED4F-4695-99E5-739D867F945D}.Release|Any CPU.ActiveCfg = Release|Any CPU
		{C36ADA3D-ED4F-4695-99E5-739D867F945D}.Release|Any CPU.Build.0 = Release|Any CPU
	EndGlobalSection
	GlobalSection(SolutionProperties) = preSolution
		HideSolutionNode = FALSE
	EndGlobalSection
	GlobalSection(NestedProjects) = preSolution
		{85E0FA44-77C8-4CAD-A05C-E3767D7679E2} = {EC006CED-2D45-49B7-8C95-6E914430FF0F}
		{16BF3824-BEC7-425F-8750-E0BEEFEFECB2} = {EC006CED-2D45-49B7-8C95-6E914430FF0F}
		{C551A404-D9DD-438E-8F8B-E65F8C1351DD} = {EC006CED-2D45-49B7-8C95-6E914430FF0F}
		{C579512F-C745-486A-869F-36536B3412DB} = {EC006CED-2D45-49B7-8C95-6E914430FF0F}
		{A7948A93-9691-47AD-905E-DF5BBBD32004} = {EC006CED-2D45-49B7-8C95-6E914430FF0F}
		{5990F8A7-C27A-4CAB-B141-BCA349CF60B9} = {2B65B68C-0980-421D-9ADC-B2279FDF10A0}
		{97EC20B8-2B64-479B-9C61-0F82E88601EB} = {2B65B68C-0980-421D-9ADC-B2279FDF10A0}
		{CC60241E-B7B7-454E-B6E8-EBD3D4A9BE18} = {2B65B68C-0980-421D-9ADC-B2279FDF10A0}
		{F9AE8586-2E1A-4AB6-B34D-DEE1BD756F9C} = {2B65B68C-0980-421D-9ADC-B2279FDF10A0}
		{D664D23A-0804-4EF8-BEA0-59AB22A32DF4} = {9FF0B126-BE60-4BE1-A2A1-001555CE1DBE}
		{C755297B-E030-4022-9972-AC50CE0430B2} = {9FF0B126-BE60-4BE1-A2A1-001555CE1DBE}
		{7D0DE469-A7C3-4B54-947E-E9D447A6E4DC} = {62C8C80C-A341-45E8-9E75-D3C32F1E785C}
		{E0E086C9-D0B0-4A9A-8639-C871EF047B3B} = {D4B7FB35-43B0-4C8A-9569-5F813DC48552}
		{CB3D7446-0536-4BE2-9159-2504F4F94FA2} = {D4B7FB35-43B0-4C8A-9569-5F813DC48552}
		{5028D4D4-0B43-4168-AA26-0B10CBBC4C6F} = {8F1C1897-0A03-41D3-A9D7-6F6DCF40EDF8}
		{58CB7F86-12BD-4CFF-8F9D-BF194DDAECDF} = {8F1C1897-0A03-41D3-A9D7-6F6DCF40EDF8}
		{508EA5C3-967C-41CF-85D5-EED98A8B33D4} = {8F1C1897-0A03-41D3-A9D7-6F6DCF40EDF8}
		{2BFACDC3-F44D-4199-8498-F5C3C4AC0335} = {259CB34A-DB70-4C10-AA73-6318C097A211}
		{E461C0A8-8900-485C-B520-E929BA33F712} = {259CB34A-DB70-4C10-AA73-6318C097A211}
		{95D5367F-DB35-459E-B24B-90F21C4DC2CB} = {AD5A09CD-1AD5-4369-B0EA-6071F37F8863}
		{074507D6-0601-4336-8583-F29E52C3DE84} = {AD5A09CD-1AD5-4369-B0EA-6071F37F8863}
		{07B4D9DD-C983-4884-B520-5C3B684230DA} = {AD5A09CD-1AD5-4369-B0EA-6071F37F8863}
		{D0C33216-658D-44FA-8E5F-6C5219E348A5} = {15E9BC07-EB6D-4F55-9375-B842FD064AC4}
		{1E92833E-4A57-4D6F-9336-71B0B21FFAF0} = {15E9BC07-EB6D-4F55-9375-B842FD064AC4}
		{301F1338-8528-497F-85D6-9F2065AF3347} = {15E9BC07-EB6D-4F55-9375-B842FD064AC4}
		{2F39C63C-1812-4D0D-ADB9-CA92CD8A26B0} = {15E9BC07-EB6D-4F55-9375-B842FD064AC4}
		{C36ADA3D-ED4F-4695-99E5-739D867F945D} = {DBFEDA3C-EABF-46CD-B50C-E38587FF195D}
	EndGlobalSection
	GlobalSection(ExtensibilityGlobals) = postSolution
		SolutionGuid = {6572CAF6-396B-4473-A4FB-17846DA4A355}
	EndGlobalSection
EndGlobal
